{
    "_meta": {
        "hash": {
            "sha256": "66d9d2d8d43947154e8bdf316c54e46ccaeb0c3bd20d6d2ca3d71cfd5ec737ca"
        },
        "pipfile-spec": 6,
        "requires": {
            "python_version": "3.6"
        },
        "sources": [
            {
                "name": "pypi",
                "url": "https://pypi.org/simple",
                "verify_ssl": true
            }
        ]
    },
    "default": {
        "appdirs": {
            "hashes": [
                "sha256:9e5896d1372858f8dd3344faf4e5014d21849c756c8d5701f78f8a103b372d92",
                "sha256:d8b24664561d0d34ddfaec54636d502d7cea6e29c3eaf68f3df6180863e2166e"
            ],
            "version": "==1.4.3"
        },
        "beautifulsoup4": {
            "hashes": [
                "sha256:034740f6cb549b4e932ae1ab975581e6103ac8f942200a0e9759065984391858",
                "sha256:945065979fb8529dd2f37dbb58f00b661bdbcbebf954f93b32fdf5263ef35348",
                "sha256:ba6d5c59906a85ac23dadfe5c88deaf3e179ef565f4898671253e50a78680718"
            ],
            "version": "==4.7.1"
        },
        "certifi": {
            "hashes": [
                "sha256:046832c04d4e752f37383b628bc601a7ea7211496b4638f6514d0e5b9acc4939",
                "sha256:945e3ba63a0b9f577b1395204e13c3a231f9bc0223888be653286534e5873695"
            ],
            "version": "==2019.6.16"
        },
        "chardet": {
            "hashes": [
                "sha256:84ab92ed1c4d4f16916e05906b6b75a6c0fb5db821cc65e70cbd64a3e2a5eaae",
                "sha256:fc323ffcaeaed0e0a02bf4d117757b98aed530d9ed4531e3e15460124c106691"
            ],
            "version": "==3.0.4"
        },
        "click": {
            "hashes": [
                "sha256:2335065e6395b9e67ca716de5f7526736bfa6ceead690adf616d925bdc622b13",
                "sha256:5b94b49521f6456670fdb30cd82a4eca9412788a93fa6dd6df72c94d5a8ff2d7"
            ],
            "version": "==7.0"
        },
        "decorator": {
            "hashes": [
                "sha256:86156361c50488b84a3f148056ea716ca587df2f0de1d34750d35c21312725de",
                "sha256:f069f3a01830ca754ba5258fde2278454a0b5b79e0d7f5c13b3b97e57d4acff6"
            ],
            "version": "==4.4.0"
        },
        "flask": {
            "hashes": [
                "sha256:ad7c6d841e64296b962296c2c2dabc6543752985727af86a975072dea984b6f3",
                "sha256:e7d32475d1de5facaa55e3958bc4ec66d3762076b074296aa50ef8fdc5b9df61"
            ],
            "index": "pypi",
            "version": "==1.0.3"
        },
        "future": {
            "hashes": [
                "sha256:67045236dcfd6816dc439556d009594abf643e5eb48992e36beac09c2ca659b8"
            ],
            "version": "==0.17.1"
        },
        "gmusicapi": {
            "hashes": [
                "sha256:808d55d8998b8c8632fc4a746a41e7f0437b84925c4224d68ed9e060f3137582"
            ],
            "index": "pypi",
            "version": "==12.1.0"
        },
        "gpsoauth": {
            "hashes": [
                "sha256:1c3f45824d45ac3d06b9d9a0c0eccafe1052505d31ac9a698aef8b00fb0dfc37"
            ],
            "version": "==0.4.1"
        },
        "httplib2": {
            "hashes": [
                "sha256:158fbd0ffbba536829d664bf3f32c4f45df41f8f791663665162dfaf21ffd075",
                "sha256:d1146939d270f1f1eb8cbf8f5aa72ff37d897faccca448582bb1e180aeb4c6b2"
            ],
            "version": "==0.13.0"
        },
        "idna": {
            "hashes": [
                "sha256:c357b3f628cf53ae2c4c05627ecc484553142ca23264e593d327bcde5e9c3407",
                "sha256:ea8b7f6188e6fa117537c3df7da9fc686d485087abf6ac197f9c46432f7e4a3c"
            ],
            "version": "==2.8"
        },
        "itsdangerous": {
            "hashes": [
                "sha256:321b033d07f2a4136d3ec762eac9f16a10ccd60f53c0c91af90217ace7ba1f19",
                "sha256:b12271b2047cb23eeb98c8b5622e2e5c5e9abd9784a153e9d8ef9cb4dd09d749"
            ],
            "version": "==1.1.0"
        },
        "jinja2": {
            "hashes": [
                "sha256:065c4f02ebe7f7cf559e49ee5a95fb800a9e4528727aec6f24402a5374c65013",
                "sha256:14dd6caf1527abb21f08f86c784eac40853ba93edb79552aa1e4b8aef1b61c7b"
            ],
            "version": "==2.10.1"
        },
        "lxml": {
            "hashes": [
                "sha256:06c7616601430aa140a69f97e3116308fffe0848f543b639a5ec2e8920ae72fd",
                "sha256:177202792f9842374a8077735c69c41a4282183f7851443d2beb8ee310720819",
                "sha256:19317ad721ceb9e39847d11131903931e2794e447d4751ebb0d9236f1b349ff2",
                "sha256:36d206e62f3e5dbaafd4ec692b67157e271f5da7fd925fda8515da675eace50d",
                "sha256:387115b066c797c85f9861a9613abf50046a15aac16759bc92d04f94acfad082",
                "sha256:3ce1c49d4b4a7bc75fb12acb3a6247bb7a91fe420542e6d671ba9187d12a12c2",
                "sha256:4d2a5a7d6b0dbb8c37dab66a8ce09a8761409c044017721c21718659fa3365a1",
                "sha256:58d0a1b33364d1253a88d18df6c0b2676a1746d27c969dc9e32d143a3701dda5",
                "sha256:62a651c618b846b88fdcae0533ec23f185bb322d6c1845733f3123e8980c1d1b",
                "sha256:69ff21064e7debc9b1b1e2eee8c2d686d042d4257186d70b338206a80c5bc5ea",
                "sha256:7060453eba9ba59d821625c6af6a266bd68277dce6577f754d1eb9116c094266",
                "sha256:7d26b36a9c4bce53b9cfe42e67849ae3c5c23558bc08363e53ffd6d94f4ff4d2",
                "sha256:83b427ad2bfa0b9705e02a83d8d607d2c2f01889eb138168e462a3a052c42368",
                "sha256:923d03c84534078386cf50193057aae98fa94cace8ea7580b74754493fda73ad",
                "sha256:b773715609649a1a180025213f67ffdeb5a4878c784293ada300ee95a1f3257b",
                "sha256:baff149c174e9108d4a2fee192c496711be85534eab63adb122f93e70aa35431",
                "sha256:bca9d118b1014b4c2d19319b10a3ebed508ff649396ce1855e1c96528d9b2fa9",
                "sha256:ce580c28845581535dc6000fc7c35fdadf8bea7ccb57d6321b044508e9ba0685",
                "sha256:d34923a569e70224d88e6682490e24c842907ba2c948c5fd26185413cbe0cd96",
                "sha256:dd9f0e531a049d8b35ec5e6c68a37f1ba6ec3a591415e6804cbdf652793d15d7",
                "sha256:ecb805cbfe9102f3fd3d2ef16dfe5ae9e2d7a7dfbba92f4ff1e16ac9784dbfb0",
                "sha256:ede9aad2197a0202caff35d417b671f5f91a3631477441076082a17c94edd846",
                "sha256:ef2d1fc370400e0aa755aab0b20cf4f1d0e934e7fd5244f3dd4869078e4942b9",
                "sha256:f2fec194a49bfaef42a548ee657362af5c7a640da757f6f452a35da7dd9f923c"
            ],
            "version": "==4.3.4"
        },
        "markupsafe": {
            "hashes": [
                "sha256:00bc623926325b26bb9605ae9eae8a215691f33cae5df11ca5424f06f2d1f473",
                "sha256:09027a7803a62ca78792ad89403b1b7a73a01c8cb65909cd876f7fcebd79b161",
                "sha256:09c4b7f37d6c648cb13f9230d847adf22f8171b1ccc4d5682398e77f40309235",
                "sha256:1027c282dad077d0bae18be6794e6b6b8c91d58ed8a8d89a89d59693b9131db5",
                "sha256:24982cc2533820871eba85ba648cd53d8623687ff11cbb805be4ff7b4c971aff",
                "sha256:29872e92839765e546828bb7754a68c418d927cd064fd4708fab9fe9c8bb116b",
                "sha256:43a55c2930bbc139570ac2452adf3d70cdbb3cfe5912c71cdce1c2c6bbd9c5d1",
                "sha256:46c99d2de99945ec5cb54f23c8cd5689f6d7177305ebff350a58ce5f8de1669e",
                "sha256:500d4957e52ddc3351cabf489e79c91c17f6e0899158447047588650b5e69183",
                "sha256:535f6fc4d397c1563d08b88e485c3496cf5784e927af890fb3c3aac7f933ec66",
                "sha256:62fe6c95e3ec8a7fad637b7f3d372c15ec1caa01ab47926cfdf7a75b40e0eac1",
                "sha256:6dd73240d2af64df90aa7c4e7481e23825ea70af4b4922f8ede5b9e35f78a3b1",
                "sha256:717ba8fe3ae9cc0006d7c451f0bb265ee07739daf76355d06366154ee68d221e",
                "sha256:79855e1c5b8da654cf486b830bd42c06e8780cea587384cf6545b7d9ac013a0b",
                "sha256:7c1699dfe0cf8ff607dbdcc1e9b9af1755371f92a68f706051cc8c37d447c905",
                "sha256:88e5fcfb52ee7b911e8bb6d6aa2fd21fbecc674eadd44118a9cc3863f938e735",
                "sha256:8defac2f2ccd6805ebf65f5eeb132adcf2ab57aa11fdf4c0dd5169a004710e7d",
                "sha256:98c7086708b163d425c67c7a91bad6e466bb99d797aa64f965e9d25c12111a5e",
                "sha256:9add70b36c5666a2ed02b43b335fe19002ee5235efd4b8a89bfcf9005bebac0d",
                "sha256:9bf40443012702a1d2070043cb6291650a0841ece432556f784f004937f0f32c",
                "sha256:ade5e387d2ad0d7ebf59146cc00c8044acbd863725f887353a10df825fc8ae21",
                "sha256:b00c1de48212e4cc9603895652c5c410df699856a2853135b3967591e4beebc2",
                "sha256:b1282f8c00509d99fef04d8ba936b156d419be841854fe901d8ae224c59f0be5",
                "sha256:b2051432115498d3562c084a49bba65d97cf251f5a331c64a12ee7e04dacc51b",
                "sha256:ba59edeaa2fc6114428f1637ffff42da1e311e29382d81b339c1817d37ec93c6",
                "sha256:c8716a48d94b06bb3b2524c2b77e055fb313aeb4ea620c8dd03a105574ba704f",
                "sha256:cd5df75523866410809ca100dc9681e301e3c27567cf498077e8551b6d20e42f",
                "sha256:e249096428b3ae81b08327a63a485ad0878de3fb939049038579ac0ef61e17e7"
            ],
            "version": "==1.1.1"
        },
        "mechanicalsoup": {
            "hashes": [
                "sha256:2712ec0f3087cbc719c6c3dfb317a05800ff14fcdbfa67a2f9f6e07226e7a94c",
                "sha256:bf53141b956ecf2c79d932a6b92f3df0dcf057019efd8e3fd7d4008def45e74a"
            ],
            "version": "==0.11.0"
        },
        "mock": {
            "hashes": [
                "sha256:83657d894c90d5681d62155c82bda9c1187827525880eda8ff5df4ec813437c3",
                "sha256:d157e52d4e5b938c550f39eb2fd15610db062441a9c2747d3dbfa9298211d0f8"
            ],
            "version": "==3.0.5"
        },
        "mutagen": {
            "hashes": [
                "sha256:bb61e2456f59a9a4a259fbc08def6d01ba45a42da8eeaa97d00633b0ec5de71c"
            ],
            "version": "==1.42.0"
        },
        "oauth2client": {
            "hashes": [
                "sha256:b8a81cc5d60e2d364f0b1b98f958dbd472887acaf1a5b05e21c28c31a2d6d3ac",
                "sha256:d486741e451287f69568a4d26d70d9acd73a2bbfa275746c535b4209891cccc6"
            ],
            "version": "==4.1.3"
        },
        "proboscis": {
            "hashes": [
                "sha256:b822b243a7c82030fce0de97bdc432345941306d2c24ef227ca561dd019cd238"
            ],
            "version": "==1.2.6.0"
        },
        "protobuf": {
            "hashes": [
                "sha256:03f43eac9d5b651f976e91cf46a25b75e5779d98f0f4114b0abfed83376d75f8",
                "sha256:0c94b21e6de01362f91a86b372555d22a60b59708599ca9d5032ae9fdf8e3538",
                "sha256:2d2a9f30f61f4063fadd7fb68a2510a6939b43c0d6ceeec5c4704f22225da28e",
                "sha256:34a0b05fca061e4abb77dd180209f68d8637115ff319f51e28a6a9382d69853a",
                "sha256:358710fd0db25372edcf1150fa691f48376a134a6c69ce29f38f185eea7699e6",
                "sha256:41e47198b94c27ba05a08b4a95160656105745c462af574e4bcb0807164065c0",
                "sha256:8c61cc8a76e9d381c665aecc5105fa0f1878cf7db8b5cd17202603bcb386d0fc",
                "sha256:a6eebc4db759e58fdac02efcd3028b811effac881d8a5bad1996e4e8ee6acb47",
                "sha256:a9c12f7c98093da0a46ba76ec40ace725daa1ac4038c41e4b1466afb5c45bb01",
                "sha256:cb95068492ba0859b8c9e61fa8ba206a83c64e5d0916fb4543700b2e2b214115",
                "sha256:cd98476ce7bb4dcd6a7b101f5eecdc073dafea19f311e36eb8fba1a349346277",
                "sha256:ce64cfbea18c535176bdaa10ba740c0fc4c6d998a3f511c17bedb0ae4b3b167c",
                "sha256:dcbb59eac73fd454e8f2c5fba9e3d3320fd4707ed6a9d3ea3717924a6f0903ea",
                "sha256:dd67f34458ae716029e2a71ede998e9092493b62a519236ca52e3c5202096c87",
                "sha256:e3c96056eb5b7284a20e256cb0bf783c8f36ad82a4ae5434a7b7cd02384144a7",
                "sha256:f612d584d7a27e2f39e7b17878430a959c1bc09a74ba09db096b468558e5e126",
                "sha256:f6de8a7d6122297b81566e5bd4df37fd5d62bec14f8f90ebff8ede1c9726cd0a",
                "sha256:fa529d9261682b24c2aaa683667253175c9acebe0a31105394b221090da75832"
            ],
            "version": "==3.8.0"
        },
        "pyasn1": {
            "hashes": [
                "sha256:da2420fe13a9452d8ae97a0e478adde1dee153b11ba832a95b223a2ba01c10f7",
                "sha256:da6b43a8c9ae93bc80e2739efb38cc776ba74a886e3e9318d65fe81a8b8a2c6e"
            ],
            "version": "==0.4.5"
        },
        "pyasn1-modules": {
            "hashes": [
                "sha256:ef721f68f7951fab9b0404d42590f479e30d9005daccb1699b0a51bb4177db96",
                "sha256:f309b6c94724aeaf7ca583feb1cc70430e10d7551de5e36edfc1ae6909bcfb3c"
            ],
            "version": "==0.2.5"
        },
        "pycryptodomex": {
            "hashes": [
                "sha256:029c7a150347c81899c14de0e4d5f918b8a0c68e8b0108dbe6192ad24358a845",
                "sha256:08f0f3f89e6561f3c7ad99c4fb5f4a5b596701edb0aa92ac32c166b615517740",
                "sha256:09d1d8aa842ba3d2d18c7bca1233a3d3ab0b083f657bb9f57adfd4fee5d7f02d",
                "sha256:12d2b8b4dc3d8b464b9db1e2f54c08a56e8a255110f927c69ba2e17456bfe8ac",
                "sha256:14f509a672c24f27fc8e589be35f3950ac8b4338b4466ff2b33de03124646568",
                "sha256:267646fa6855fc65679b95fa01b3f032758a3d32b41858688c8ff81761a1a2f6",
                "sha256:2db8e8e36cb7b3ae16ae782453fc7c4887402b5afe268f1e4c602d75e999359a",
                "sha256:2fc867a467841d209d001c49c34bbf56004e8b1e358db7dcb9b8200d2e8b25b1",
                "sha256:3cfcd1cc49919bd571de6e5f3d99ceac0e3898a83d3ed4dfda6d12166d848d88",
                "sha256:4b28007bc34fe7469f2097c07fc77b866650e4695008cf953d6caa247296ea19",
                "sha256:6355795ccb2bc9800a7d6a33a4ba8d8fdc2d1d9fd3c13cd8fa16f530239b1d53",
                "sha256:6390ca23b2e1a5c2a9d037012b923b6b2fc788cba234f45683f1ddad6f4112ad",
                "sha256:7226bbab87b751a3cc052476f0db1cb89e6e4103eec18d1169b2bddd894c3d9d",
                "sha256:7240cde2dc32ee6588d03b85fb619cb3629e6d302d32c807c82dadb4233b9a48",
                "sha256:80439f10be257b65ee6c9db3c5a3d1450b8f1e7ab5130d7c7ddfb373ca13c25e",
                "sha256:83d6cab80d64298e84f6d9962dc4c4f2619805fc11aed939f0257e313028ea15",
                "sha256:9586b41f68b28fbaaae5232055ef2db2cecd37661e6792d19fb9c24792281811",
                "sha256:b5f641fa8640a4bdf31621f920bdf2c646f823a9ee1c7525f57cb92ec710fe0c",
                "sha256:c90d8f9919e57be2f0cb5840a05fdaadc5fffefa40192aebfe459cc68b53ee9f",
                "sha256:ceaea1e14b2df86278a1c252d176556c30b3e2568bb86ea37130c810376b7a6b",
                "sha256:e46ef46c89d50fb1b22adbbcdabea94e62ec5932ab83afe104801f913af9ad4b",
                "sha256:e50b15af6bbdc6b5f8bd70d818cb846b15303ffa6c371b799db561a403a21607",
                "sha256:e56438a25b32594ece62dab9df8d4349e935ad2a7a1f20cc446a43b28e4d0940",
                "sha256:e9e63278c617940f7f3ccde373cf1120115a842392d37c419cf68bf38ca53fc0",
                "sha256:f35922bf0c7ed5ef9f1248a38ac7b44cda62549e2c57245ccf76fdec325d6684",
                "sha256:fc951613c5deb7f9c9b42a8d147e7094a2ff4f9be8128511e30f551975ada870",
                "sha256:fcfb2d6ad91021bc1e4196eb293f8eca958161d5b8a0953fbbec3328a0966f74",
                "sha256:feeebb7ee5c5b2be1f3498da517226668e775d1260d52480c59d39c16dea03fa"
            ],
            "version": "==3.8.2"
        },
        "pymysql": {
            "hashes": [
                "sha256:3943fbbbc1e902f41daf7f9165519f140c4451c179380677e6a848587042561a",
                "sha256:d8c059dcd81dedb85a9f034d5e22dcb4442c0b201908bede99e306d65ea7c8e7"
            ],
            "index": "pypi",
            "version": "==0.9.3"
        },
        "python-dateutil": {
            "hashes": [
                "sha256:7e6584c74aeed623791615e26efd690f29817a27c73085b78e4bad02493df2fb",
                "sha256:c89805f6f4d64db21ed966fda138f8a5ed7a4fdbc1a8ee329ce1b74e3c74da9e"
            ],
            "version": "==2.8.0"
        },
        "requests": {
            "hashes": [
                "sha256:11e007a8a2aa0323f5a921e9e6a2d7e4e67d9877e85773fba9ba6419025cbeb4",
                "sha256:9cf5292fcd0f598c671cfc1e0d7d1a7f13bb8085e9a590f48c010551dc6c4b31"
            ],
            "version": "==2.22.0"
        },
        "rsa": {
            "hashes": [
                "sha256:14ba45700ff1ec9eeb206a2ce76b32814958a98e372006c8fb76ba820211be66",
                "sha256:1a836406405730121ae9823e19c6e806c62bbad73f890574fff50efa4122c487"
            ],
            "version": "==4.0"
        },
        "six": {
            "hashes": [
                "sha256:3350809f0555b11f552448330d0b52d5f24c91a322ea4a15ef22629740f3761c",
                "sha256:d16a0141ec1a18405cd4ce8b4613101da75da0e9a7aec5bdd4fa804d0e0eba73"
            ],
            "version": "==1.12.0"
        },
        "soupsieve": {
            "hashes": [
                "sha256:72b5f1aea9101cf720a36bb2327ede866fd6f1a07b1e87c92a1cc18113cbc946",
                "sha256:e4e9c053d59795e440163733a7fec6c5972210e1790c507e4c7b051d6c5259de"
            ],
            "version": "==1.9.2"
        },
        "urllib3": {
            "hashes": [
                "sha256:b246607a25ac80bedac05c6f282e3cdaf3afb65420fd024ac94435cabe6e18d1",
                "sha256:dbe59173209418ae49d485b87d1681aefa36252ee85884c31346debd19463232"
            ],
            "version": "==1.25.3"
        },
        "validictory": {
            "hashes": [
                "sha256:3a87b84658592f75f37d6bab77ac223774c9989dc7349c8aad19a424770835ba",
                "sha256:eb7ec9d811f3cf062fb943ce369a9b34a9f291037217ecf5a40a5f2421d29c0a"
            ],
            "version": "==1.1.2"
        },
        "werkzeug": {
            "hashes": [
                "sha256:865856ebb55c4dcd0630cdd8f3331a1847a819dda7e8c750d3db6f2aa6c0209c",
                "sha256:a0b915f0815982fb2a09161cb8f31708052d0951c3ba433ccc5e1aa276507ca6"
            ],
            "version": "==0.15.4"
        }
    },
    "develop": {}
}
